{
  "name": "node-nrf-gw",
  "version": "1.0.0",
  "lockfileVersion": 1,
  "requires": true,
  "dependencies": {
    "ansi-regex": {
      "version": "http://registry.npmjs.org/ansi-regex/-/ansi-regex-2.1.1.tgz",
      "integrity": "sha1-w7M6te42DYbg5ijwRorn7yfWVN8="
    },
    "aproba": {
      "version": "http://registry.npmjs.org/aproba/-/aproba-1.1.1.tgz",
      "integrity": "sha1-ldNgDwdxCqDpKYxyatXs8urLq6s="
    },
    "are-we-there-yet": {
      "version": "http://registry.npmjs.org/are-we-there-yet/-/are-we-there-yet-1.1.4.tgz",
      "integrity": "sha1-u13KOCu5TwXhUZQ3PRb9O6HKEQ0=",
      "requires": {
        "delegates": "http://registry.npmjs.org/delegates/-/delegates-1.0.0.tgz",
        "readable-stream": "http://registry.npmjs.org/readable-stream/-/readable-stream-2.2.2.tgz"
      }
    },
    "arr-diff": {
      "version": "http://registry.npmjs.org/arr-diff/-/arr-diff-2.0.0.tgz",
      "integrity": "sha1-jzuCf5Vai9ZpaX5KQlasPOrjVs8=",
      "requires": {
        "arr-flatten": "http://registry.npmjs.org/arr-flatten/-/arr-flatten-1.0.1.tgz"
      }
    },
    "arr-flatten": {
      "version": "http://registry.npmjs.org/arr-flatten/-/arr-flatten-1.0.1.tgz",
      "integrity": "sha1-5f/lTUXhnzLyFukeuZyM6JK7YEs="
    },
    "array-unique": {
      "version": "http://registry.npmjs.org/array-unique/-/array-unique-0.2.1.tgz",
      "integrity": "sha1-odl8yvy8JiXMcPrc6zalDFiwGlM="
    },
    "baconjs": {
      "version": "http://registry.npmjs.org/baconjs/-/baconjs-0.7.89.tgz",
      "integrity": "sha1-in+rliSYv9JJTC6bFFg8hgXKBUk="
    },
    "balanced-match": {
      "version": "http://registry.npmjs.org/balanced-match/-/balanced-match-0.4.2.tgz",
      "integrity": "sha1-yz8+PHMtwPAe5wtAPzAuYddwmDg="
    },
    "bl": {
      "version": "http://registry.npmjs.org/bl/-/bl-1.2.0.tgz",
      "integrity": "sha1-E5fn7ELF9dw4dHDFAONKn2vp6pg=",
      "requires": {
        "readable-stream": "http://registry.npmjs.org/readable-stream/-/readable-stream-2.2.2.tgz"
      }
    },
    "brace-expansion": {
      "version": "http://registry.npmjs.org/brace-expansion/-/brace-expansion-1.1.6.tgz",
      "integrity": "sha1-cZfX6qm4fmSDkOph/GbIRCdCDfk=",
      "requires": {
        "balanced-match": "http://registry.npmjs.org/balanced-match/-/balanced-match-0.4.2.tgz",
        "concat-map": "http://registry.npmjs.org/concat-map/-/concat-map-0.0.1.tgz"
      }
    },
    "braces": {
      "version": "http://registry.npmjs.org/braces/-/braces-1.8.5.tgz",
      "integrity": "sha1-uneWLhLf+WnWt2cR6RS3N4V79qc=",
      "requires": {
        "expand-range": "http://registry.npmjs.org/expand-range/-/expand-range-1.8.2.tgz",
        "preserve": "http://registry.npmjs.org/preserve/-/preserve-0.2.0.tgz",
        "repeat-element": "http://registry.npmjs.org/repeat-element/-/repeat-element-1.1.2.tgz"
      }
    },
    "buffer-shims": {
      "version": "http://registry.npmjs.org/buffer-shims/-/buffer-shims-1.0.0.tgz",
      "integrity": "sha1-mXjOMXOIxkmth5MCjDR37wRKi1E="
    },
    "callback-stream": {
      "version": "http://registry.npmjs.org/callback-stream/-/callback-stream-1.1.0.tgz",
      "integrity": "sha1-RwGlEmbwbgbqpx/BcjOCLYdfSQg=",
      "requires": {
        "inherits": "http://registry.npmjs.org/inherits/-/inherits-2.0.3.tgz",
        "readable-stream": "http://registry.npmjs.org/readable-stream/-/readable-stream-2.2.2.tgz"
      }
    },
    "chownr": {
      "version": "http://registry.npmjs.org/chownr/-/chownr-1.0.1.tgz",
      "integrity": "sha1-4qdQQqlVGQi+vSW4Uj1fl2nXkYE="
    },
    "code-point-at": {
      "version": "http://registry.npmjs.org/code-point-at/-/code-point-at-1.1.0.tgz",
      "integrity": "sha1-DQcLTQQ6W+ozovGkDi7bPZpMz3c="
    },
    "commander": {
      "version": "2.11.0",
      "resolved": "https://registry.npmjs.org/commander/-/commander-2.11.0.tgz",
      "integrity": "sha512-b0553uYA5YAEGgyYIGYROzKQ7X5RAqedkfjiZxwi0kL1g3bOaBNNZfYkzt/CL0umgD5wc9Jec2FbB98CjkMRvQ=="
    },
    "commist": {
      "version": "http://registry.npmjs.org/commist/-/commist-1.0.0.tgz",
      "integrity": "sha1-wMNSUBz29S6RJOPvicmAbiAi6+8=",
      "requires": {
        "leven": "http://registry.npmjs.org/leven/-/leven-1.0.2.tgz",
        "minimist": "http://registry.npmjs.org/minimist/-/minimist-1.2.0.tgz"
      }
    },
    "concat-map": {
      "version": "http://registry.npmjs.org/concat-map/-/concat-map-0.0.1.tgz",
      "integrity": "sha1-2Klr13/Wjfd5OnMDajug1UBdR3s="
    },
    "concat-stream": {
      "version": "http://registry.npmjs.org/concat-stream/-/concat-stream-1.6.0.tgz",
      "integrity": "sha1-CqxmL9Ur54lk1VMvaUeE5wEQrPc=",
      "requires": {
        "inherits": "http://registry.npmjs.org/inherits/-/inherits-2.0.3.tgz",
        "readable-stream": "http://registry.npmjs.org/readable-stream/-/readable-stream-2.2.2.tgz",
        "typedarray": "http://registry.npmjs.org/typedarray/-/typedarray-0.0.6.tgz"
      }
    },
    "console-control-strings": {
      "version": "http://registry.npmjs.org/console-control-strings/-/console-control-strings-1.1.0.tgz",
      "integrity": "sha1-PXz0Rk22RG6mRL9LOVB/mFEAjo4="
    },
    "core-util-is": {
      "version": "http://registry.npmjs.org/core-util-is/-/core-util-is-1.0.2.tgz",
      "integrity": "sha1-tf1UIgqivFq1eqtxQMlAdUUDwac="
    },
    "debug": {
      "version": "3.1.0",
      "resolved": "https://registry.npmjs.org/debug/-/debug-3.1.0.tgz",
      "integrity": "sha512-OX8XqP7/1a9cqkxYw2yXss15f26NKWBpDXQd0/uK/KPqdQhxbPa994hnzjcE2VqQpDslf55723cKPUOGSmMY3g==",
      "requires": {
        "ms": "2.0.0"
      }
    },
    "deep-extend": {
      "version": "http://registry.npmjs.org/deep-extend/-/deep-extend-0.4.1.tgz",
      "integrity": "sha1-7+QRPQgIX05vlod1mBD4B0aeIlM="
    },
    "delegates": {
      "version": "http://registry.npmjs.org/delegates/-/delegates-1.0.0.tgz",
      "integrity": "sha1-hMbhWbgZBP3KWaDvRM2HDTElD5o="
    },
    "duplexify": {
      "version": "http://registry.npmjs.org/duplexify/-/duplexify-3.5.0.tgz",
      "integrity": "sha1-GqdzAC4VeEV+nZ1KULDMquvL1gQ=",
      "requires": {
        "end-of-stream": "http://registry.npmjs.org/end-of-stream/-/end-of-stream-1.0.0.tgz",
        "inherits": "http://registry.npmjs.org/inherits/-/inherits-2.0.3.tgz",
        "readable-stream": "http://registry.npmjs.org/readable-stream/-/readable-stream-2.2.2.tgz",
        "stream-shift": "http://registry.npmjs.org/stream-shift/-/stream-shift-1.0.0.tgz"
      },
      "dependencies": {
        "end-of-stream": {
          "version": "http://registry.npmjs.org/end-of-stream/-/end-of-stream-1.0.0.tgz",
          "integrity": "sha1-1FlucCc0qT5A6a+GQxnqvZn/Lw4=",
          "requires": {
            "once": "http://registry.npmjs.org/once/-/once-1.3.3.tgz"
          }
        }
      }
    },
    "end-of-stream": {
      "version": "http://registry.npmjs.org/end-of-stream/-/end-of-stream-1.1.0.tgz",
      "integrity": "sha1-6TUyWLqpEIll78QcsO+K3i88+wc=",
      "requires": {
        "once": "http://registry.npmjs.org/once/-/once-1.3.3.tgz"
      }
    },
    "expand-brackets": {
      "version": "http://registry.npmjs.org/expand-brackets/-/expand-brackets-0.1.5.tgz",
      "integrity": "sha1-3wcoTjQqgHzXM6xa9yQR5YHRF3s=",
      "requires": {
        "is-posix-bracket": "http://registry.npmjs.org/is-posix-bracket/-/is-posix-bracket-0.1.1.tgz"
      }
    },
    "expand-range": {
      "version": "http://registry.npmjs.org/expand-range/-/expand-range-1.8.2.tgz",
      "integrity": "sha1-opnv/TNf4nIeuujiV+x5ZE/IUzc=",
      "requires": {
        "fill-range": "http://registry.npmjs.org/fill-range/-/fill-range-2.2.3.tgz"
      }
    },
    "expand-template": {
      "version": "http://registry.npmjs.org/expand-template/-/expand-template-1.0.3.tgz",
      "integrity": "sha1-bDAzIxd6YrGyLAcCefeGEoe2mxo="
    },
    "extend": {
      "version": "http://registry.npmjs.org/extend/-/extend-3.0.0.tgz",
      "integrity": "sha1-WkdDU7nzNT3dgXbf03uRyDpG8dQ="
    },
    "extend-shallow": {
      "version": "http://registry.npmjs.org/extend-shallow/-/extend-shallow-2.0.1.tgz",
      "integrity": "sha1-Ua99YUrZqfYQ6huvu5idaxxWiQ8=",
      "requires": {
        "is-extendable": "http://registry.npmjs.org/is-extendable/-/is-extendable-0.1.1.tgz"
      }
    },
    "extglob": {
      "version": "http://registry.npmjs.org/extglob/-/extglob-0.3.2.tgz",
      "integrity": "sha1-Lhj/PS9JqydlzskCPwEdqo2DSaE=",
      "requires": {
        "is-extglob": "http://registry.npmjs.org/is-extglob/-/is-extglob-1.0.0.tgz"
      },
      "dependencies": {
        "is-extglob": {
          "version": "http://registry.npmjs.org/is-extglob/-/is-extglob-1.0.0.tgz",
          "integrity": "sha1-rEaBd8SUNAWgkvyPKXYMb/xiBsA="
        }
      }
    },
    "filename-regex": {
      "version": "http://registry.npmjs.org/filename-regex/-/filename-regex-2.0.0.tgz",
      "integrity": "sha1-mW4+gEebmLmJfxWopYs9CE6SZ3U="
    },
    "fill-range": {
      "version": "http://registry.npmjs.org/fill-range/-/fill-range-2.2.3.tgz",
      "integrity": "sha1-ULd9/X5Gm8dJJHCWNpn+eoSFpyM=",
      "requires": {
        "is-number": "http://registry.npmjs.org/is-number/-/is-number-2.1.0.tgz",
        "isobject": "http://registry.npmjs.org/isobject/-/isobject-2.1.0.tgz",
        "randomatic": "http://registry.npmjs.org/randomatic/-/randomatic-1.1.6.tgz",
        "repeat-element": "http://registry.npmjs.org/repeat-element/-/repeat-element-1.1.2.tgz",
        "repeat-string": "http://registry.npmjs.org/repeat-string/-/repeat-string-1.6.1.tgz"
      }
    },
    "for-in": {
      "version": "http://registry.npmjs.org/for-in/-/for-in-0.1.6.tgz",
      "integrity": "sha1-yfluib+tGKVFr17D7TUqHZ5bTcg="
    },
    "for-own": {
      "version": "http://registry.npmjs.org/for-own/-/for-own-0.1.4.tgz",
      "integrity": "sha1-AUm0GjkIjHUV9R6+HBOG1F+TUHI=",
      "requires": {
        "for-in": "http://registry.npmjs.org/for-in/-/for-in-0.1.6.tgz"
      }
    },
    "gauge": {
      "version": "http://registry.npmjs.org/gauge/-/gauge-2.7.4.tgz",
      "integrity": "sha1-LANAXHU4w51+s3sxcCLjJfsBi/c=",
      "requires": {
        "aproba": "http://registry.npmjs.org/aproba/-/aproba-1.1.1.tgz",
        "console-control-strings": "http://registry.npmjs.org/console-control-strings/-/console-control-strings-1.1.0.tgz",
        "has-unicode": "http://registry.npmjs.org/has-unicode/-/has-unicode-2.0.1.tgz",
        "object-assign": "http://registry.npmjs.org/object-assign/-/object-assign-4.1.1.tgz",
        "signal-exit": "http://registry.npmjs.org/signal-exit/-/signal-exit-3.0.2.tgz",
        "string-width": "http://registry.npmjs.org/string-width/-/string-width-1.0.2.tgz",
        "strip-ansi": "http://registry.npmjs.org/strip-ansi/-/strip-ansi-3.0.1.tgz",
        "wide-align": "http://registry.npmjs.org/wide-align/-/wide-align-1.1.0.tgz"
      }
    },
    "github-from-package": {
      "version": "http://registry.npmjs.org/github-from-package/-/github-from-package-0.0.0.tgz",
      "integrity": "sha1-l/tdlr/eiXMxPyDoKI75oWf6ZM4="
    },
    "glob": {
      "version": "http://registry.npmjs.org/glob/-/glob-5.0.15.tgz",
      "integrity": "sha1-G8k2ueAvSmA/zCIuz3Yz0wuLk7E=",
      "requires": {
        "inflight": "http://registry.npmjs.org/inflight/-/inflight-1.0.6.tgz",
        "inherits": "http://registry.npmjs.org/inherits/-/inherits-2.0.3.tgz",
        "minimatch": "http://registry.npmjs.org/minimatch/-/minimatch-3.0.3.tgz",
        "once": "http://registry.npmjs.org/once/-/once-1.3.3.tgz",
        "path-is-absolute": "http://registry.npmjs.org/path-is-absolute/-/path-is-absolute-1.0.1.tgz"
      }
    },
    "glob-base": {
      "version": "http://registry.npmjs.org/glob-base/-/glob-base-0.3.0.tgz",
      "integrity": "sha1-27Fk9iIbHAscz4Kuoyi0l98Oo8Q=",
      "requires": {
        "glob-parent": "http://registry.npmjs.org/glob-parent/-/glob-parent-2.0.0.tgz",
        "is-glob": "http://registry.npmjs.org/is-glob/-/is-glob-2.0.1.tgz"
      },
      "dependencies": {
        "glob-parent": {
          "version": "http://registry.npmjs.org/glob-parent/-/glob-parent-2.0.0.tgz",
          "integrity": "sha1-gTg9ctsFT8zPUzbaqQLxgvbtuyg=",
          "requires": {
            "is-glob": "http://registry.npmjs.org/is-glob/-/is-glob-2.0.1.tgz"
          }
        },
        "is-extglob": {
          "version": "http://registry.npmjs.org/is-extglob/-/is-extglob-1.0.0.tgz",
          "integrity": "sha1-rEaBd8SUNAWgkvyPKXYMb/xiBsA="
        },
        "is-glob": {
          "version": "http://registry.npmjs.org/is-glob/-/is-glob-2.0.1.tgz",
          "integrity": "sha1-0Jb5JqPe1WAPP9/ZEZjLCIjC2GM=",
          "requires": {
            "is-extglob": "http://registry.npmjs.org/is-extglob/-/is-extglob-1.0.0.tgz"
          }
        }
      }
    },
    "glob-parent": {
      "version": "http://registry.npmjs.org/glob-parent/-/glob-parent-3.1.0.tgz",
      "integrity": "sha1-nmr2KZ2NO9K9QEMIMr0RPfkGxa4=",
      "requires": {
        "is-glob": "http://registry.npmjs.org/is-glob/-/is-glob-3.1.0.tgz",
        "path-dirname": "http://registry.npmjs.org/path-dirname/-/path-dirname-1.0.2.tgz"
      }
    },
    "glob-stream": {
      "version": "http://registry.npmjs.org/glob-stream/-/glob-stream-5.3.5.tgz",
      "integrity": "sha1-pVZlqajM3EGRWofHAeMtTgFvrSI=",
      "requires": {
        "extend": "http://registry.npmjs.org/extend/-/extend-3.0.0.tgz",
        "glob": "http://registry.npmjs.org/glob/-/glob-5.0.15.tgz",
        "glob-parent": "http://registry.npmjs.org/glob-parent/-/glob-parent-3.1.0.tgz",
        "micromatch": "http://registry.npmjs.org/micromatch/-/micromatch-2.3.11.tgz",
        "ordered-read-streams": "http://registry.npmjs.org/ordered-read-streams/-/ordered-read-streams-0.3.0.tgz",
        "through2": "http://registry.npmjs.org/through2/-/through2-0.6.5.tgz",
        "to-absolute-glob": "http://registry.npmjs.org/to-absolute-glob/-/to-absolute-glob-0.1.1.tgz",
        "unique-stream": "http://registry.npmjs.org/unique-stream/-/unique-stream-2.2.1.tgz"
      },
      "dependencies": {
        "isarray": {
          "version": "http://registry.npmjs.org/isarray/-/isarray-0.0.1.tgz",
          "integrity": "sha1-ihis/Kmo9Bd+Cav8YDiTmwXR7t8="
        },
        "readable-stream": {
          "version": "http://registry.npmjs.org/readable-stream/-/readable-stream-1.0.34.tgz",
          "integrity": "sha1-Elgg40vIQtLyqq+v5MKRbuMsFXw=",
          "requires": {
            "core-util-is": "http://registry.npmjs.org/core-util-is/-/core-util-is-1.0.2.tgz",
            "inherits": "http://registry.npmjs.org/inherits/-/inherits-2.0.3.tgz",
            "isarray": "http://registry.npmjs.org/isarray/-/isarray-0.0.1.tgz",
            "string_decoder": "http://registry.npmjs.org/string_decoder/-/string_decoder-0.10.31.tgz"
          }
        },
        "through2": {
          "version": "http://registry.npmjs.org/through2/-/through2-0.6.5.tgz",
          "integrity": "sha1-QaucZ7KdVyCQcUEOHXp6lozTrUg=",
          "requires": {
            "readable-stream": "http://registry.npmjs.org/readable-stream/-/readable-stream-1.0.34.tgz",
            "xtend": "http://registry.npmjs.org/xtend/-/xtend-4.0.1.tgz"
          }
        }
      }
    },
    "has-unicode": {
      "version": "http://registry.npmjs.org/has-unicode/-/has-unicode-2.0.1.tgz",
      "integrity": "sha1-4Ob+aijPUROIVeCG0Wkedx3iqLk="
    },
    "help-me": {
      "version": "http://registry.npmjs.org/help-me/-/help-me-1.0.1.tgz",
      "integrity": "sha1-tok8iw7Z08YNuDVg+nW00Al6jVo=",
      "requires": {
        "callback-stream": "http://registry.npmjs.org/callback-stream/-/callback-stream-1.1.0.tgz",
        "glob-stream": "http://registry.npmjs.org/glob-stream/-/glob-stream-5.3.5.tgz",
        "through2": "http://registry.npmjs.org/through2/-/through2-2.0.3.tgz",
        "xtend": "http://registry.npmjs.org/xtend/-/xtend-4.0.1.tgz"
      }
    },
    "inflight": {
      "version": "http://registry.npmjs.org/inflight/-/inflight-1.0.6.tgz",
      "integrity": "sha1-Sb1jMdfQLQwJvJEKEHW6gWW1bfk=",
      "requires": {
        "once": "http://registry.npmjs.org/once/-/once-1.3.3.tgz",
        "wrappy": "http://registry.npmjs.org/wrappy/-/wrappy-1.0.2.tgz"
      }
    },
    "inherits": {
      "version": "http://registry.npmjs.org/inherits/-/inherits-2.0.3.tgz",
      "integrity": "sha1-Yzwsg+PaQqUC9SRmAiSA9CCCYd4="
    },
    "ini": {
      "version": "http://registry.npmjs.org/ini/-/ini-1.3.4.tgz",
      "integrity": "sha1-BTfLedr1m1mhpRff9wbIbsA5Fi4="
    },
    "is-buffer": {
      "version": "http://registry.npmjs.org/is-buffer/-/is-buffer-1.1.4.tgz",
      "integrity": "sha1-z8hszV3FpS+oBIkRHGkgxFfi2Ys="
    },
    "is-dotfile": {
      "version": "http://registry.npmjs.org/is-dotfile/-/is-dotfile-1.0.2.tgz",
      "integrity": "sha1-LBMjg/ORmfjtwmjKAbmwB9IFzE0="
    },
    "is-equal-shallow": {
      "version": "http://registry.npmjs.org/is-equal-shallow/-/is-equal-shallow-0.1.3.tgz",
      "integrity": "sha1-IjgJj8Ih3gvPpdnqxMRdY4qhxTQ=",
      "requires": {
        "is-primitive": "http://registry.npmjs.org/is-primitive/-/is-primitive-2.0.0.tgz"
      }
    },
    "is-extendable": {
      "version": "http://registry.npmjs.org/is-extendable/-/is-extendable-0.1.1.tgz",
      "integrity": "sha1-YrEQ4omkcUGOPsNqYX1HLjAd/Ik="
    },
    "is-extglob": {
      "version": "http://registry.npmjs.org/is-extglob/-/is-extglob-2.1.1.tgz",
      "integrity": "sha1-qIwCU1eR8C7TfHahueqXc8gz+MI="
    },
    "is-fullwidth-code-point": {
      "version": "http://registry.npmjs.org/is-fullwidth-code-point/-/is-fullwidth-code-point-1.0.0.tgz",
      "integrity": "sha1-754xOG8DGn8NZDr4L95QxFfvAMs=",
      "requires": {
        "number-is-nan": "http://registry.npmjs.org/number-is-nan/-/number-is-nan-1.0.1.tgz"
      }
    },
    "is-glob": {
      "version": "http://registry.npmjs.org/is-glob/-/is-glob-3.1.0.tgz",
      "integrity": "sha1-e6WuJCF4BKxwcHuWkiVnSGzD6Eo=",
      "requires": {
        "is-extglob": "http://registry.npmjs.org/is-extglob/-/is-extglob-2.1.1.tgz"
      }
    },
    "is-number": {
      "version": "http://registry.npmjs.org/is-number/-/is-number-2.1.0.tgz",
      "integrity": "sha1-Afy7s5NGOlSPL0ZszhbezknbkI8=",
      "requires": {
        "kind-of": "http://registry.npmjs.org/kind-of/-/kind-of-3.1.0.tgz"
      }
    },
    "is-posix-bracket": {
      "version": "http://registry.npmjs.org/is-posix-bracket/-/is-posix-bracket-0.1.1.tgz",
      "integrity": "sha1-MzTceXdDaOkvAW5vvAqI9c1ua8Q="
    },
    "is-primitive": {
      "version": "http://registry.npmjs.org/is-primitive/-/is-primitive-2.0.0.tgz",
      "integrity": "sha1-IHurkWOEmcB7Kt8kCkGochADRXU="
    },
    "is-stream": {
      "version": "http://registry.npmjs.org/is-stream/-/is-stream-1.1.0.tgz",
      "integrity": "sha1-EtSj3U5o4Lec6428hBc66A2RykQ="
    },
    "isarray": {
      "version": "http://registry.npmjs.org/isarray/-/isarray-1.0.0.tgz",
      "integrity": "sha1-u5NdSFgsuhaMBoNJV6VKPgcSTxE="
    },
    "isobject": {
      "version": "http://registry.npmjs.org/isobject/-/isobject-2.1.0.tgz",
      "integrity": "sha1-8GVWEJaj8dou9GJy+BXIQNh+DIk=",
      "requires": {
        "isarray": "http://registry.npmjs.org/isarray/-/isarray-1.0.0.tgz"
      }
    },
    "json-stable-stringify": {
      "version": "http://registry.npmjs.org/json-stable-stringify/-/json-stable-stringify-1.0.1.tgz",
      "integrity": "sha1-mnWdOcXy/1A/1TAGRu1EX4jE+a8=",
      "requires": {
        "jsonify": "http://registry.npmjs.org/jsonify/-/jsonify-0.0.0.tgz"
      }
    },
    "jsonify": {
      "version": "http://registry.npmjs.org/jsonify/-/jsonify-0.0.0.tgz",
      "integrity": "sha1-LHS27kHZPKUbe1qu6PUDYx0lKnM="
    },
    "kind-of": {
      "version": "http://registry.npmjs.org/kind-of/-/kind-of-3.1.0.tgz",
      "integrity": "sha1-R11pil5J/15T0U4+cyQp3Iv0z0c=",
      "requires": {
        "is-buffer": "http://registry.npmjs.org/is-buffer/-/is-buffer-1.1.4.tgz"
      }
    },
    "leven": {
      "version": "http://registry.npmjs.org/leven/-/leven-1.0.2.tgz",
      "integrity": "sha1-kUS27ryl8dBoAWnxpncNzqYLdcM="
    },
    "lodash": {
      "version": "http://registry.npmjs.org/lodash/-/lodash-4.17.4.tgz",
      "integrity": "sha1-eCA6TRwyiuHYbcpkYONptX9AVa4="
    },
    "micromatch": {
      "version": "http://registry.npmjs.org/micromatch/-/micromatch-2.3.11.tgz",
      "integrity": "sha1-hmd8l9FyCzY0MdBNDRUpO9OMFWU=",
      "requires": {
        "arr-diff": "http://registry.npmjs.org/arr-diff/-/arr-diff-2.0.0.tgz",
        "array-unique": "http://registry.npmjs.org/array-unique/-/array-unique-0.2.1.tgz",
        "braces": "http://registry.npmjs.org/braces/-/braces-1.8.5.tgz",
        "expand-brackets": "http://registry.npmjs.org/expand-brackets/-/expand-brackets-0.1.5.tgz",
        "extglob": "http://registry.npmjs.org/extglob/-/extglob-0.3.2.tgz",
        "filename-regex": "http://registry.npmjs.org/filename-regex/-/filename-regex-2.0.0.tgz",
        "is-extglob": "http://registry.npmjs.org/is-extglob/-/is-extglob-1.0.0.tgz",
        "is-glob": "http://registry.npmjs.org/is-glob/-/is-glob-2.0.1.tgz",
        "kind-of": "http://registry.npmjs.org/kind-of/-/kind-of-3.1.0.tgz",
        "normalize-path": "http://registry.npmjs.org/normalize-path/-/normalize-path-2.0.1.tgz",
        "object.omit": "http://registry.npmjs.org/object.omit/-/object.omit-2.0.1.tgz",
        "parse-glob": "http://registry.npmjs.org/parse-glob/-/parse-glob-3.0.4.tgz",
        "regex-cache": "http://registry.npmjs.org/regex-cache/-/regex-cache-0.4.3.tgz"
      },
      "dependencies": {
        "is-extglob": {
          "version": "http://registry.npmjs.org/is-extglob/-/is-extglob-1.0.0.tgz",
          "integrity": "sha1-rEaBd8SUNAWgkvyPKXYMb/xiBsA="
        },
        "is-glob": {
          "version": "http://registry.npmjs.org/is-glob/-/is-glob-2.0.1.tgz",
          "integrity": "sha1-0Jb5JqPe1WAPP9/ZEZjLCIjC2GM=",
          "requires": {
            "is-extglob": "http://registry.npmjs.org/is-extglob/-/is-extglob-1.0.0.tgz"
          }
        }
      }
    },
    "minimatch": {
      "version": "http://registry.npmjs.org/minimatch/-/minimatch-3.0.3.tgz",
      "integrity": "sha1-Kk5AkLlrLbBqnX3wEFWmKnfJt3Q=",
      "requires": {
        "brace-expansion": "http://registry.npmjs.org/brace-expansion/-/brace-expansion-1.1.6.tgz"
      }
    },
    "minimist": {
      "version": "http://registry.npmjs.org/minimist/-/minimist-1.2.0.tgz",
      "integrity": "sha1-o1AIsg9BOD7sH7kU9M1d95omQoQ="
    },
    "mkdirp": {
      "version": "http://registry.npmjs.org/mkdirp/-/mkdirp-0.5.1.tgz",
      "integrity": "sha1-MAV0OOrGz3+MR2fzhkjWaX11yQM=",
      "requires": {
        "minimist": "http://registry.npmjs.org/minimist/-/minimist-0.0.8.tgz"
      },
      "dependencies": {
        "minimist": {
          "version": "http://registry.npmjs.org/minimist/-/minimist-0.0.8.tgz",
          "integrity": "sha1-hX/Kv8M5fSYluCKCYuhqp6ARsF0="
        }
      }
    },
    "mqtt": {
      "version": "http://registry.npmjs.org/mqtt/-/mqtt-2.4.0.tgz",
      "integrity": "sha1-A4FZT8FAlf0fY/+GcLNw8gc+5nI=",
      "requires": {
        "commist": "http://registry.npmjs.org/commist/-/commist-1.0.0.tgz",
        "concat-stream": "http://registry.npmjs.org/concat-stream/-/concat-stream-1.6.0.tgz",
        "end-of-stream": "http://registry.npmjs.org/end-of-stream/-/end-of-stream-1.1.0.tgz",
        "help-me": "http://registry.npmjs.org/help-me/-/help-me-1.0.1.tgz",
        "inherits": "http://registry.npmjs.org/inherits/-/inherits-2.0.3.tgz",
        "minimist": "http://registry.npmjs.org/minimist/-/minimist-1.2.0.tgz",
        "mqtt-packet": "http://registry.npmjs.org/mqtt-packet/-/mqtt-packet-5.2.1.tgz",
        "pump": "http://registry.npmjs.org/pump/-/pump-1.0.2.tgz",
        "readable-stream": "http://registry.npmjs.org/readable-stream/-/readable-stream-2.2.2.tgz",
        "reinterval": "http://registry.npmjs.org/reinterval/-/reinterval-1.1.0.tgz",
        "split2": "http://registry.npmjs.org/split2/-/split2-2.1.1.tgz",
        "websocket-stream": "http://registry.npmjs.org/websocket-stream/-/websocket-stream-3.3.3.tgz",
        "xtend": "http://registry.npmjs.org/xtend/-/xtend-4.0.1.tgz"
      }
    },
    "mqtt-packet": {
      "version": "http://registry.npmjs.org/mqtt-packet/-/mqtt-packet-5.2.1.tgz",
      "integrity": "sha1-h2417WFqjjSKwCg7SSIDmHJFi1g=",
      "requires": {
        "bl": "http://registry.npmjs.org/bl/-/bl-1.2.0.tgz",
        "inherits": "http://registry.npmjs.org/inherits/-/inherits-2.0.3.tgz",
        "process-nextick-args": "http://registry.npmjs.org/process-nextick-args/-/process-nextick-args-1.0.7.tgz"
      }
    },
    "ms": {
      "version": "2.0.0",
      "resolved": "https://registry.npmjs.org/ms/-/ms-2.0.0.tgz",
      "integrity": "sha1-VgiurfwAvmwpAd9fmGF4jeDVl8g="
    },
    "noop-logger": {
      "version": "http://registry.npmjs.org/noop-logger/-/noop-logger-0.1.1.tgz",
      "integrity": "sha1-lKKxYzxPExdVMAfYlm/Q6EG2pMI="
    },
    "normalize-path": {
      "version": "http://registry.npmjs.org/normalize-path/-/normalize-path-2.0.1.tgz",
      "integrity": "sha1-R4hqwWYnYNQmG32XnSQXCdPOP3o="
    },
    "npmlog": {
      "version": "http://registry.npmjs.org/npmlog/-/npmlog-4.0.2.tgz",
      "integrity": "sha1-0DlQ4OeM4VJ7om0qdZLpNIrD518=",
      "requires": {
        "are-we-there-yet": "http://registry.npmjs.org/are-we-there-yet/-/are-we-there-yet-1.1.4.tgz",
        "console-control-strings": "http://registry.npmjs.org/console-control-strings/-/console-control-strings-1.1.0.tgz",
        "gauge": "http://registry.npmjs.org/gauge/-/gauge-2.7.4.tgz",
        "set-blocking": "http://registry.npmjs.org/set-blocking/-/set-blocking-2.0.0.tgz"
      }
    },
    "number-is-nan": {
      "version": "http://registry.npmjs.org/number-is-nan/-/number-is-nan-1.0.1.tgz",
      "integrity": "sha1-CXtgK1NCKlIsGvuHkDGDNpQaAR0="
    },
    "object-assign": {
      "version": "http://registry.npmjs.org/object-assign/-/object-assign-4.1.1.tgz",
      "integrity": "sha1-IQmtx5ZYh8/AXLvUQsrIv7s2CGM="
    },
    "object.omit": {
      "version": "http://registry.npmjs.org/object.omit/-/object.omit-2.0.1.tgz",
      "integrity": "sha1-Gpx0SCnznbuFjHbKNXmuKlTr0fo=",
      "requires": {
        "for-own": "http://registry.npmjs.org/for-own/-/for-own-0.1.4.tgz",
        "is-extendable": "http://registry.npmjs.org/is-extendable/-/is-extendable-0.1.1.tgz"
      }
    },
    "once": {
      "version": "http://registry.npmjs.org/once/-/once-1.3.3.tgz",
      "integrity": "sha1-suJhVXzkwxTsgwTz+oJmPkKXyiA=",
      "requires": {
        "wrappy": "http://registry.npmjs.org/wrappy/-/wrappy-1.0.2.tgz"
      }
    },
    "options": {
      "version": "http://registry.npmjs.org/options/-/options-0.0.6.tgz",
      "integrity": "sha1-7CLTEoBrtT5zF3Pnza788cZDEo8="
    },
    "ordered-read-streams": {
      "version": "http://registry.npmjs.org/ordered-read-streams/-/ordered-read-streams-0.3.0.tgz",
      "integrity": "sha1-cTfmmzKYuzQiR6G77jiByA4v14s=",
      "requires": {
        "is-stream": "http://registry.npmjs.org/is-stream/-/is-stream-1.1.0.tgz",
        "readable-stream": "http://registry.npmjs.org/readable-stream/-/readable-stream-2.2.2.tgz"
      }
    },
    "os-homedir": {
      "version": "http://registry.npmjs.org/os-homedir/-/os-homedir-1.0.2.tgz",
      "integrity": "sha1-/7xJiDNuDoM94MFox+8VISGqf7M="
    },
    "parse-glob": {
      "version": "http://registry.npmjs.org/parse-glob/-/parse-glob-3.0.4.tgz",
      "integrity": "sha1-ssN2z7EfNVE7rdFz7wu246OIORw=",
      "requires": {
        "glob-base": "http://registry.npmjs.org/glob-base/-/glob-base-0.3.0.tgz",
        "is-dotfile": "http://registry.npmjs.org/is-dotfile/-/is-dotfile-1.0.2.tgz",
        "is-extglob": "http://registry.npmjs.org/is-extglob/-/is-extglob-1.0.0.tgz",
        "is-glob": "http://registry.npmjs.org/is-glob/-/is-glob-2.0.1.tgz"
      },
      "dependencies": {
        "is-extglob": {
          "version": "http://registry.npmjs.org/is-extglob/-/is-extglob-1.0.0.tgz",
          "integrity": "sha1-rEaBd8SUNAWgkvyPKXYMb/xiBsA="
        },
        "is-glob": {
          "version": "http://registry.npmjs.org/is-glob/-/is-glob-2.0.1.tgz",
          "integrity": "sha1-0Jb5JqPe1WAPP9/ZEZjLCIjC2GM=",
          "requires": {
            "is-extglob": "http://registry.npmjs.org/is-extglob/-/is-extglob-1.0.0.tgz"
          }
        }
      }
    },
    "path-dirname": {
      "version": "http://registry.npmjs.org/path-dirname/-/path-dirname-1.0.2.tgz",
      "integrity": "sha1-zDPSTVJeCZpTiMAzbG4yuRYGCeA="
    },
    "path-is-absolute": {
      "version": "http://registry.npmjs.org/path-is-absolute/-/path-is-absolute-1.0.1.tgz",
      "integrity": "sha1-F0uSaHNVNP+8es5r9TpanhtcX18="
    },
    "preserve": {
      "version": "http://registry.npmjs.org/preserve/-/preserve-0.2.0.tgz",
      "integrity": "sha1-gV7R9uvGWSb4ZbMQwHE7yzMVzks="
    },
    "process-nextick-args": {
      "version": "http://registry.npmjs.org/process-nextick-args/-/process-nextick-args-1.0.7.tgz",
      "integrity": "sha1-FQ4gt1ZZCtP5EJPyWk8q2L/zC6M="
    },
    "promirepl": {
      "version": "1.0.1",
      "resolved": "https://registry.npmjs.org/promirepl/-/promirepl-1.0.1.tgz",
      "integrity": "sha1-KVGq66K/P+InT/Y6FtlMBMpghy4="
    },
    "pump": {
      "version": "http://registry.npmjs.org/pump/-/pump-1.0.2.tgz",
      "integrity": "sha1-Oz7mUS+U8OV1U4wXmV+fFpkKXVE=",
      "requires": {
        "end-of-stream": "http://registry.npmjs.org/end-of-stream/-/end-of-stream-1.1.0.tgz",
        "once": "http://registry.npmjs.org/once/-/once-1.3.3.tgz"
      }
    },
    "randomatic": {
      "version": "http://registry.npmjs.org/randomatic/-/randomatic-1.1.6.tgz",
      "integrity": "sha1-EQ3Kv/OX6dz/fAeJzMCkmt8exbs=",
      "requires": {
        "is-number": "http://registry.npmjs.org/is-number/-/is-number-2.1.0.tgz",
        "kind-of": "http://registry.npmjs.org/kind-of/-/kind-of-3.1.0.tgz"
      }
    },
    "rc": {
      "version": "http://registry.npmjs.org/rc/-/rc-1.2.1.tgz",
      "integrity": "sha1-LgPo5C7kULjLPc5lvhv4l04d/ZU=",
      "requires": {
        "deep-extend": "http://registry.npmjs.org/deep-extend/-/deep-extend-0.4.1.tgz",
        "ini": "http://registry.npmjs.org/ini/-/ini-1.3.4.tgz",
        "minimist": "http://registry.npmjs.org/minimist/-/minimist-1.2.0.tgz",
        "strip-json-comments": "http://registry.npmjs.org/strip-json-comments/-/strip-json-comments-2.0.1.tgz"
      }
    },
    "readable-stream": {
      "version": "http://registry.npmjs.org/readable-stream/-/readable-stream-2.2.2.tgz",
      "integrity": "sha1-qeb+w8fdqF+LsbO6cChgRVb8gl4=",
      "requires": {
        "buffer-shims": "http://registry.npmjs.org/buffer-shims/-/buffer-shims-1.0.0.tgz",
        "core-util-is": "http://registry.npmjs.org/core-util-is/-/core-util-is-1.0.2.tgz",
        "inherits": "http://registry.npmjs.org/inherits/-/inherits-2.0.3.tgz",
        "isarray": "http://registry.npmjs.org/isarray/-/isarray-1.0.0.tgz",
        "process-nextick-args": "http://registry.npmjs.org/process-nextick-args/-/process-nextick-args-1.0.7.tgz",
        "string_decoder": "http://registry.npmjs.org/string_decoder/-/string_decoder-0.10.31.tgz",
        "util-deprecate": "http://registry.npmjs.org/util-deprecate/-/util-deprecate-1.0.2.tgz"
      }
    },
    "regex-cache": {
      "version": "http://registry.npmjs.org/regex-cache/-/regex-cache-0.4.3.tgz",
      "integrity": "sha1-mxpsNdTQ3871cRrmUejp09cRQUU=",
      "requires": {
        "is-equal-shallow": "http://registry.npmjs.org/is-equal-shallow/-/is-equal-shallow-0.1.3.tgz",
        "is-primitive": "http://registry.npmjs.org/is-primitive/-/is-primitive-2.0.0.tgz"
      }
    },
    "reinterval": {
      "version": "http://registry.npmjs.org/reinterval/-/reinterval-1.1.0.tgz",
      "integrity": "sha1-M2Hs+jymwYKDOA3Qu5VG85D17Oc="
    },
    "repeat-element": {
      "version": "http://registry.npmjs.org/repeat-element/-/repeat-element-1.1.2.tgz",
      "integrity": "sha1-7wiaF40Ug7quTZPrmLT55OEdmQo="
    },
    "repeat-string": {
      "version": "http://registry.npmjs.org/repeat-string/-/repeat-string-1.6.1.tgz",
      "integrity": "sha1-jcrkcOHIirwtYA//Sndihtp15jc="
    },
    "reverse-string": {
      "version": "http://registry.npmjs.org/reverse-string/-/reverse-string-0.0.6.tgz",
      "integrity": "sha1-zlqR5T1a5zC1PtVkhWulHX3+CHI="
    },
    "safe-buffer": {
      "version": "5.1.1",
      "resolved": "https://registry.npmjs.org/safe-buffer/-/safe-buffer-5.1.1.tgz",
      "integrity": "sha512-kKvNJn6Mm93gAczWVJg7wH+wGYWNrDHdWvpUmHyEsgCtIwwo3bqPtV4tR5tuPaUhTOo/kvhVwd8XwwOllGYkbg=="
    },
    "serialport": {
      "version": "6.0.4",
      "resolved": "https://registry.npmjs.org/serialport/-/serialport-6.0.4.tgz",
      "integrity": "sha512-ohiyBppkW0rRbd7CksNSsH8kTx5Fdh1TRL0yp+Yoefgcz12x8j2x+CLsIi23OxSuCTf+tJ9SjJSh93wzTl6tEw==",
      "requires": {
        "bindings": "1.3.0",
        "commander": "2.11.0",
        "debug": "3.1.0",
        "nan": "2.7.0",
        "prebuild-install": "2.3.0",
        "promirepl": "1.0.1",
        "safe-buffer": "5.1.1"
      },
      "dependencies": {
        "bindings": {
          "version": "1.3.0",
          "resolved": "https://registry.npmjs.org/bindings/-/bindings-1.3.0.tgz",
          "integrity": "sha512-DpLh5EzMR2kzvX1KIlVC0VkC3iZtHKTgdtZ0a3pglBZdaQFjt5S9g9xd1lE+YvXyfd6mtCeRnrUfOLYiTMlNSw=="
        },
        "nan": {
          "version": "2.7.0",
          "resolved": "https://registry.npmjs.org/nan/-/nan-2.7.0.tgz",
          "integrity": "sha1-2Vv3IeyHfgjbJ27T/G63j5CDrUY="
        },
        "node-abi": {
          "version": "2.1.2",
          "resolved": "https://registry.npmjs.org/node-abi/-/node-abi-2.1.2.tgz",
          "integrity": "sha512-hmUtb8m75RSi7N+zZLYqe75XDvZB+6LyTBPkj2DConvNgQet2e3BIqEwe1LLvqMrfyjabuT5ZOrTioLCH1HTdA==",
          "requires": {
            "semver": "5.4.1"
          }
        },
        "prebuild-install": {
          "version": "2.3.0",
          "resolved": "https://registry.npmjs.org/prebuild-install/-/prebuild-install-2.3.0.tgz",
          "integrity": "sha512-gzjq2oHB8oMbzJSsSh9MQ64zrXZGt092/uT4TLZlz2qnrPxpWqp4vYB7LZrDxnlxf5RfbCjkgDI/z0EIVuYzAw==",
          "requires": {
            "expand-template": "http://registry.npmjs.org/expand-template/-/expand-template-1.0.3.tgz",
            "github-from-package": "http://registry.npmjs.org/github-from-package/-/github-from-package-0.0.0.tgz",
            "minimist": "http://registry.npmjs.org/minimist/-/minimist-1.2.0.tgz",
            "mkdirp": "http://registry.npmjs.org/mkdirp/-/mkdirp-0.5.1.tgz",
            "node-abi": "2.1.2",
            "noop-logger": "http://registry.npmjs.org/noop-logger/-/noop-logger-0.1.1.tgz",
            "npmlog": "http://registry.npmjs.org/npmlog/-/npmlog-4.0.2.tgz",
            "os-homedir": "http://registry.npmjs.org/os-homedir/-/os-homedir-1.0.2.tgz",
            "pump": "http://registry.npmjs.org/pump/-/pump-1.0.2.tgz",
            "rc": "http://registry.npmjs.org/rc/-/rc-1.2.1.tgz",
            "simple-get": "http://registry.npmjs.org/simple-get/-/simple-get-1.4.3.tgz",
            "tar-fs": "http://registry.npmjs.org/tar-fs/-/tar-fs-1.15.2.tgz",
            "tunnel-agent": "0.6.0",
            "xtend": "http://registry.npmjs.org/xtend/-/xtend-4.0.1.tgz"
          }
        },
        "semver": {
          "version": "5.4.1",
          "resolved": "https://registry.npmjs.org/semver/-/semver-5.4.1.tgz",
          "integrity": "sha512-WfG/X9+oATh81XtllIo/I8gOiY9EXRdv1cQdyykeXK17YcUW3EXUAi2To4pcH6nZtJPr7ZOpM5OMyWJZm+8Rsg=="
        },
        "tunnel-agent": {
          "version": "0.6.0",
          "resolved": "https://registry.npmjs.org/tunnel-agent/-/tunnel-agent-0.6.0.tgz",
          "integrity": "sha1-J6XeoGs2sEoKmWZ3SykIaPD8QP0=",
          "requires": {
            "safe-buffer": "5.1.1"
          }
        }
      }
    },
    "set-blocking": {
      "version": "http://registry.npmjs.org/set-blocking/-/set-blocking-2.0.0.tgz",
      "integrity": "sha1-BF+XgtARrppoA93TgrJDkrPYkPc="
    },
    "signal-exit": {
      "version": "http://registry.npmjs.org/signal-exit/-/signal-exit-3.0.2.tgz",
      "integrity": "sha1-tf3AjxKH6hF4Yo5BXiUTK3NkbG0="
    },
    "simple-get": {
      "version": "http://registry.npmjs.org/simple-get/-/simple-get-1.4.3.tgz",
      "integrity": "sha1-6XVe2kB+ltpAxeUVjJ6jezO+y+s=",
      "requires": {
        "once": "http://registry.npmjs.org/once/-/once-1.3.3.tgz",
        "unzip-response": "http://registry.npmjs.org/unzip-response/-/unzip-response-1.0.2.tgz",
        "xtend": "http://registry.npmjs.org/xtend/-/xtend-4.0.1.tgz"
      }
    },
    "split2": {
      "version": "http://registry.npmjs.org/split2/-/split2-2.1.1.tgz",
      "integrity": "sha1-eh9VHhdqkOzTNF9yRqDP4XXvT9A=",
      "requires": {
        "through2": "http://registry.npmjs.org/through2/-/through2-2.0.3.tgz"
      }
    },
    "stream-shift": {
      "version": "http://registry.npmjs.org/stream-shift/-/stream-shift-1.0.0.tgz",
      "integrity": "sha1-1cdSgl5TZ+eG944Y5EXqIjoVWVI="
    },
    "string_decoder": {
      "version": "http://registry.npmjs.org/string_decoder/-/string_decoder-0.10.31.tgz",
      "integrity": "sha1-YuIDvEF2bGwoyfyEMB2rHFMQ+pQ="
    },
    "string-width": {
      "version": "http://registry.npmjs.org/string-width/-/string-width-1.0.2.tgz",
      "integrity": "sha1-EYvfW4zcUaKn5w0hHgfisLmxB9M=",
      "requires": {
        "code-point-at": "http://registry.npmjs.org/code-point-at/-/code-point-at-1.1.0.tgz",
        "is-fullwidth-code-point": "http://registry.npmjs.org/is-fullwidth-code-point/-/is-fullwidth-code-point-1.0.0.tgz",
        "strip-ansi": "http://registry.npmjs.org/strip-ansi/-/strip-ansi-3.0.1.tgz"
      }
    },
    "strip-ansi": {
      "version": "http://registry.npmjs.org/strip-ansi/-/strip-ansi-3.0.1.tgz",
      "integrity": "sha1-ajhfuIU9lS1f8F0Oiq+UJ43GPc8=",
      "requires": {
        "ansi-regex": "http://registry.npmjs.org/ansi-regex/-/ansi-regex-2.1.1.tgz"
      }
    },
    "strip-json-comments": {
      "version": "http://registry.npmjs.org/strip-json-comments/-/strip-json-comments-2.0.1.tgz",
      "integrity": "sha1-PFMZQukIwml8DsNEhYwobHygpgo="
    },
    "tar-fs": {
      "version": "http://registry.npmjs.org/tar-fs/-/tar-fs-1.15.2.tgz",
      "integrity": "sha1-dh9bMpMsezlGGmDVN/rqDYCEgww=",
      "requires": {
        "chownr": "http://registry.npmjs.org/chownr/-/chownr-1.0.1.tgz",
        "mkdirp": "http://registry.npmjs.org/mkdirp/-/mkdirp-0.5.1.tgz",
        "pump": "http://registry.npmjs.org/pump/-/pump-1.0.2.tgz",
        "tar-stream": "http://registry.npmjs.org/tar-stream/-/tar-stream-1.5.2.tgz"
      }
    },
    "tar-stream": {
      "version": "http://registry.npmjs.org/tar-stream/-/tar-stream-1.5.2.tgz",
      "integrity": "sha1-+8bG6DwaGdTLSMfZYXH8JI7/x78=",
      "requires": {
        "bl": "http://registry.npmjs.org/bl/-/bl-1.2.0.tgz",
        "end-of-stream": "http://registry.npmjs.org/end-of-stream/-/end-of-stream-1.1.0.tgz",
        "readable-stream": "http://registry.npmjs.org/readable-stream/-/readable-stream-2.2.2.tgz",
        "xtend": "http://registry.npmjs.org/xtend/-/xtend-4.0.1.tgz"
      }
    },
    "through2": {
      "version": "http://registry.npmjs.org/through2/-/through2-2.0.3.tgz",
      "integrity": "sha1-AARWmzfHx0ujnEPzzteNGtlBQL4=",
      "requires": {
        "readable-stream": "http://registry.npmjs.org/readable-stream/-/readable-stream-2.2.2.tgz",
        "xtend": "http://registry.npmjs.org/xtend/-/xtend-4.0.1.tgz"
      }
    },
    "through2-filter": {
      "version": "http://registry.npmjs.org/through2-filter/-/through2-filter-2.0.0.tgz",
      "integrity": "sha1-YLxVoNrLdghdsfna6Zq0P4PWIuw=",
      "requires": {
        "through2": "http://registry.npmjs.org/through2/-/through2-2.0.3.tgz",
        "xtend": "http://registry.npmjs.org/xtend/-/xtend-4.0.1.tgz"
      }
    },
    "to-absolute-glob": {
      "version": "http://registry.npmjs.org/to-absolute-glob/-/to-absolute-glob-0.1.1.tgz",
      "integrity": "sha1-HN+kcqnvUMI57maZm2YsoOs5k38=",
      "requires": {
        "extend-shallow": "http://registry.npmjs.org/extend-shallow/-/extend-shallow-2.0.1.tgz"
      }
    },
    "typedarray": {
      "version": "http://registry.npmjs.org/typedarray/-/typedarray-0.0.6.tgz",
      "integrity": "sha1-hnrHTjhkGHsdPUfZlqeOxciDB3c="
    },
    "ultron": {
      "version": "http://registry.npmjs.org/ultron/-/ultron-1.0.2.tgz",
      "integrity": "sha1-rOEWq1V80Zc4ak6I9GhTeMiy5Po="
    },
    "unique-stream": {
      "version": "http://registry.npmjs.org/unique-stream/-/unique-stream-2.2.1.tgz",
      "integrity": "sha1-WqADz76Uxf+GbE59ZouxxNuts2k=",
      "requires": {
        "json-stable-stringify": "http://registry.npmjs.org/json-stable-stringify/-/json-stable-stringify-1.0.1.tgz",
        "through2-filter": "http://registry.npmjs.org/through2-filter/-/through2-filter-2.0.0.tgz"
      }
    },
    "unzip-response": {
      "version": "http://registry.npmjs.org/unzip-response/-/unzip-response-1.0.2.tgz",
      "integrity": "sha1-uYTwh3/AqJwsdzzB73tbIytbBv4="
    },
    "util-deprecate": {
      "version": "http://registry.npmjs.org/util-deprecate/-/util-deprecate-1.0.2.tgz",
      "integrity": "sha1-RQ1Nyfpw3nMnYvvS1KKJgUGaDM8="
    },
    "websocket-stream": {
      "version": "http://registry.npmjs.org/websocket-stream/-/websocket-stream-3.3.3.tgz",
      "integrity": "sha1-Nh2lQEozfmDPvCm0pGNodiZ53ws=",
      "requires": {
        "duplexify": "http://registry.npmjs.org/duplexify/-/duplexify-3.5.0.tgz",
        "inherits": "http://registry.npmjs.org/inherits/-/inherits-2.0.3.tgz",
        "through2": "http://registry.npmjs.org/through2/-/through2-2.0.3.tgz",
        "ws": "http://registry.npmjs.org/ws/-/ws-1.1.2.tgz",
        "xtend": "http://registry.npmjs.org/xtend/-/xtend-4.0.1.tgz"
      }
    },
    "wide-align": {
      "version": "http://registry.npmjs.org/wide-align/-/wide-align-1.1.0.tgz",
      "integrity": "sha1-QO3egCpx/qHwcNo+YtzaLnrdlq0=",
      "requires": {
        "string-width": "http://registry.npmjs.org/string-width/-/string-width-1.0.2.tgz"
      }
    },
    "wrappy": {
      "version": "http://registry.npmjs.org/wrappy/-/wrappy-1.0.2.tgz",
      "integrity": "sha1-tSQ9jz7BqjXxNkYFvA0QNuMKtp8="
    },
    "ws": {
      "version": "http://registry.npmjs.org/ws/-/ws-1.1.2.tgz",
      "integrity": "sha1-iiRPoFJAHgjJiGz0SoUYnh/UBn8=",
      "requires": {
        "options": "http://registry.npmjs.org/options/-/options-0.0.6.tgz",
        "ultron": "http://registry.npmjs.org/ultron/-/ultron-1.0.2.tgz"
      }
    },
    "xtend": {
      "version": "http://registry.npmjs.org/xtend/-/xtend-4.0.1.tgz",
      "integrity": "sha1-pcbVMr5lbiPbgg77lDofBJmNY68="
    }
  }
}
